
Microsoft Visual Studio Solution File, Format Version 11.00
# Visual Studio 2010
Project("{FAE04EC0-301F-11D3-BF4B-00C04F79EFBC}") = "Unity.VisualEffectGraph.Editor", "Unity.VisualEffectGraph.Editor.csproj", "{24d4a8b8-17bd-d2e6-8eb1-74d7b0df5a59}"
EndProject
Project("{FAE04EC0-301F-11D3-BF4B-00C04F79EFBC}") = "Unity.ShaderGraph.Editor", "Unity.ShaderGraph.Editor.csproj", "{0263f1b3-b950-d99a-27ee-847a43754faf}"
EndProject
Project("{FAE04EC0-301F-11D3-BF4B-00C04F79EFBC}") = "Unity.RenderPipelines.HighDefinition.Runtime", "Unity.RenderPipelines.HighDefinition.Runtime.csproj", "{fe470182-08f2-4239-29fe-0294d69dd702}"
EndProject
Project("{FAE04EC0-301F-11D3-BF4B-00C04F79EFBC}") = "Unity.RenderPipelines.Core.Runtime", "Unity.RenderPipelines.Core.Runtime.csproj", "{cc9ea8a7-75a5-7fa0-d3bf-ca686e60c389}"
EndProject
Project("{FAE04EC0-301F-11D3-BF4B-00C04F79EFBC}") = "Unity.RenderPipelines.Core.Editor", "Unity.RenderPipelines.Core.Editor.csproj", "{22ab1bdf-dce8-7ad7-e980-1c59268d5c29}"
EndProject
Project("{FAE04EC0-301F-11D3-BF4B-00C04F79EFBC}") = "Unity.RenderPipelines.HighDefinition.Editor", "Unity.RenderPipelines.HighDefinition.Editor.csproj", "{47189290-7b53-ff70-1c15-871cd14acffd}"
EndProject
Project("{FAE04EC0-301F-11D3-BF4B-00C04F79EFBC}") = "Unity.Rider.Editor", "Unity.Rider.Editor.csproj", "{07d68b59-d816-bee5-4f64-b7a39ca446a2}"
EndProject
Project("{FAE04EC0-301F-11D3-BF4B-00C04F79EFBC}") = "Unity.VisualEffectGraph.Runtime", "Unity.VisualEffectGraph.Runtime.csproj", "{9645dede-7c1f-b300-0453-d3e839d7b2a1}"
EndProject
Project("{FAE04EC0-301F-11D3-BF4B-00C04F79EFBC}") = "UnityEngine.UI", "UnityEngine.UI.csproj", "{7ebd65b1-7280-3930-23f6-87b6a28358fd}"
EndProject
Project("{FAE04EC0-301F-11D3-BF4B-00C04F79EFBC}") = "Unity.RenderPipelines.HighDefinition.Editor.Tests", "Unity.RenderPipelines.HighDefinition.Editor.Tests.csproj", "{e7ae7aa0-79eb-5523-eb9d-7ded43c678e3}"
EndProject
Project("{FAE04EC0-301F-11D3-BF4B-00C04F79EFBC}") = "Unity.ShaderGraph.Editor.Tests", "Unity.ShaderGraph.Editor.Tests.csproj", "{1d18e669-8fba-1686-8fc9-dcb4536ac5eb}"
EndProject
Project("{FAE04EC0-301F-11D3-BF4B-00C04F79EFBC}") = "Unity.RenderPipelines.Core.Editor.Tests", "Unity.RenderPipelines.Core.Editor.Tests.csproj", "{ec995cf7-6685-6582-0bca-3bb7a15c6811}"
EndProject
Project("{FAE04EC0-301F-11D3-BF4B-00C04F79EFBC}") = "Unity.RenderPipelines.Core.Runtime.Tests", "Unity.RenderPipelines.Core.Runtime.Tests.csproj", "{6d88086b-59e0-d26b-17a9-75f78a2dcbf3}"
EndProject
Project("{FAE04EC0-301F-11D3-BF4B-00C04F79EFBC}") = "Unity.RenderPipelines.HighDefinitionConfig.Editor.Tests", "Unity.RenderPipelines.HighDefinitionConfig.Editor.Tests.csproj", "{e66419ae-0b55-df5c-1942-335d5bbbad13}"
EndProject
Project("{FAE04EC0-301F-11D3-BF4B-00C04F79EFBC}") = "Unity.ShaderGraph.Utilities", "Unity.ShaderGraph.Utilities.csproj", "{906f5a08-8979-8c29-7224-8860b883a1f4}"
EndProject
Project("{FAE04EC0-301F-11D3-BF4B-00C04F79EFBC}") = "Unity.RenderPipelines.HighDefinition.Runtime.Tests", "Unity.RenderPipelines.HighDefinition.Runtime.Tests.csproj", "{ef9c1778-175b-540b-485b-57254098b8f3}"
EndProject
Project("{FAE04EC0-301F-11D3-BF4B-00C04F79EFBC}") = "Assembly-CSharp", "Assembly-CSharp.csproj", "{df90eb33-2fc4-c13a-e110-f80ddfc04bbc}"
EndProject
Project("{FAE04EC0-301F-11D3-BF4B-00C04F79EFBC}") = "Unity.VisualEffectGraph.Runtime.Tests", "Unity.VisualEffectGraph.Runtime.Tests.csproj", "{bc5a912e-98ac-cca1-038f-5c797805f7ff}"
EndProject
Project("{FAE04EC0-301F-11D3-BF4B-00C04F79EFBC}") = "Unity.RenderPipelines.HighDefinition.Config.Runtime", "Unity.RenderPipelines.HighDefinition.Config.Runtime.csproj", "{057d7416-82df-ae0b-554a-dc6d305ed3c8}"
EndProject
Project("{FAE04EC0-301F-11D3-BF4B-00C04F79EFBC}") = "Unity.VisualEffectGraph.Editor.Tests", "Unity.VisualEffectGraph.Editor.Tests.csproj", "{cd835ea5-505a-b504-31da-9ad088656567}"
EndProject
Project("{FAE04EC0-301F-11D3-BF4B-00C04F79EFBC}") = "Unity.RenderPipelines.ShaderGraph.ShaderGraphLibrary", "Unity.RenderPipelines.ShaderGraph.ShaderGraphLibrary.csproj", "{de6c12e0-2235-f49b-853d-b0df25d0ad33}"
EndProject
Project("{FAE04EC0-301F-11D3-BF4B-00C04F79EFBC}") = "Unity.RenderPipelines.Core.ShaderLibrary", "Unity.RenderPipelines.Core.ShaderLibrary.csproj", "{f9193168-6bd3-c0ab-dfc5-6f8d8ce98ca1}"
EndProject
Global
	GlobalSection(SolutionConfigurationPlatforms) = preSolution
		Debug|Any CPU = Debug|Any CPU
	EndGlobalSection
	GlobalSection(ProjectConfigurationPlatforms) = postSolution
		{24d4a8b8-17bd-d2e6-8eb1-74d7b0df5a59}.Debug|Any CPU.ActiveCfg = Debug|Any CPU
		{24d4a8b8-17bd-d2e6-8eb1-74d7b0df5a59}.Debug|Any CPU.Build.0 = Debug|Any CPU
		{0263f1b3-b950-d99a-27ee-847a43754faf}.Debug|Any CPU.ActiveCfg = Debug|Any CPU
		{0263f1b3-b950-d99a-27ee-847a43754faf}.Debug|Any CPU.Build.0 = Debug|Any CPU
		{fe470182-08f2-4239-29fe-0294d69dd702}.Debug|Any CPU.ActiveCfg = Debug|Any CPU
		{fe470182-08f2-4239-29fe-0294d69dd702}.Debug|Any CPU.Build.0 = Debug|Any CPU
		{cc9ea8a7-75a5-7fa0-d3bf-ca686e60c389}.Debug|Any CPU.ActiveCfg = Debug|Any CPU
		{cc9ea8a7-75a5-7fa0-d3bf-ca686e60c389}.Debug|Any CPU.Build.0 = Debug|Any CPU
		{22ab1bdf-dce8-7ad7-e980-1c59268d5c29}.Debug|Any CPU.ActiveCfg = Debug|Any CPU
		{22ab1bdf-dce8-7ad7-e980-1c59268d5c29}.Debug|Any CPU.Build.0 = Debug|Any CPU
		{47189290-7b53-ff70-1c15-871cd14acffd}.Debug|Any CPU.ActiveCfg = Debug|Any CPU
		{47189290-7b53-ff70-1c15-871cd14acffd}.Debug|Any CPU.Build.0 = Debug|Any CPU
		{07d68b59-d816-bee5-4f64-b7a39ca446a2}.Debug|Any CPU.ActiveCfg = Debug|Any CPU
		{07d68b59-d816-bee5-4f64-b7a39ca446a2}.Debug|Any CPU.Build.0 = Debug|Any CPU
		{9645dede-7c1f-b300-0453-d3e839d7b2a1}.Debug|Any CPU.ActiveCfg = Debug|Any CPU
		{9645dede-7c1f-b300-0453-d3e839d7b2a1}.Debug|Any CPU.Build.0 = Debug|Any CPU
		{7ebd65b1-7280-3930-23f6-87b6a28358fd}.Debug|Any CPU.ActiveCfg = Debug|Any CPU
		{7ebd65b1-7280-3930-23f6-87b6a28358fd}.Debug|Any CPU.Build.0 = Debug|Any CPU
		{e7ae7aa0-79eb-5523-eb9d-7ded43c678e3}.Debug|Any CPU.ActiveCfg = Debug|Any CPU
		{e7ae7aa0-79eb-5523-eb9d-7ded43c678e3}.Debug|Any CPU.Build.0 = Debug|Any CPU
		{1d18e669-8fba-1686-8fc9-dcb4536ac5eb}.Debug|Any CPU.ActiveCfg = Debug|Any CPU
		{1d18e669-8fba-1686-8fc9-dcb4536ac5eb}.Debug|Any CPU.Build.0 = Debug|Any CPU
		{ec995cf7-6685-6582-0bca-3bb7a15c6811}.Debug|Any CPU.ActiveCfg = Debug|Any CPU
		{ec995cf7-6685-6582-0bca-3bb7a15c6811}.Debug|Any CPU.Build.0 = Debug|Any CPU
		{6d88086b-59e0-d26b-17a9-75f78a2dcbf3}.Debug|Any CPU.ActiveCfg = Debug|Any CPU
		{6d88086b-59e0-d26b-17a9-75f78a2dcbf3}.Debug|Any CPU.Build.0 = Debug|Any CPU
		{e66419ae-0b55-df5c-1942-335d5bbbad13}.Debug|Any CPU.ActiveCfg = Debug|Any CPU
		{e66419ae-0b55-df5c-1942-335d5bbbad13}.Debug|Any CPU.Build.0 = Debug|Any CPU
		{906f5a08-8979-8c29-7224-8860b883a1f4}.Debug|Any CPU.ActiveCfg = Debug|Any CPU
		{906f5a08-8979-8c29-7224-8860b883a1f4}.Debug|Any CPU.Build.0 = Debug|Any CPU
		{ef9c1778-175b-540b-485b-57254098b8f3}.Debug|Any CPU.ActiveCfg = Debug|Any CPU
		{ef9c1778-175b-540b-485b-57254098b8f3}.Debug|Any CPU.Build.0 = Debug|Any CPU
		{df90eb33-2fc4-c13a-e110-f80ddfc04bbc}.Debug|Any CPU.ActiveCfg = Debug|Any CPU
		{df90eb33-2fc4-c13a-e110-f80ddfc04bbc}.Debug|Any CPU.Build.0 = Debug|Any CPU
		{bc5a912e-98ac-cca1-038f-5c797805f7ff}.Debug|Any CPU.ActiveCfg = Debug|Any CPU
		{bc5a912e-98ac-cca1-038f-5c797805f7ff}.Debug|Any CPU.Build.0 = Debug|Any CPU
		{057d7416-82df-ae0b-554a-dc6d305ed3c8}.Debug|Any CPU.ActiveCfg = Debug|Any CPU
		{057d7416-82df-ae0b-554a-dc6d305ed3c8}.Debug|Any CPU.Build.0 = Debug|Any CPU
		{cd835ea5-505a-b504-31da-9ad088656567}.Debug|Any CPU.ActiveCfg = Debug|Any CPU
		{cd835ea5-505a-b504-31da-9ad088656567}.Debug|Any CPU.Build.0 = Debug|Any CPU
		{de6c12e0-2235-f49b-853d-b0df25d0ad33}.Debug|Any CPU.ActiveCfg = Debug|Any CPU
		{de6c12e0-2235-f49b-853d-b0df25d0ad33}.Debug|Any CPU.Build.0 = Debug|Any CPU
		{f9193168-6bd3-c0ab-dfc5-6f8d8ce98ca1}.Debug|Any CPU.ActiveCfg = Debug|Any CPU
		{f9193168-6bd3-c0ab-dfc5-6f8d8ce98ca1}.Debug|Any CPU.Build.0 = Debug|Any CPU
	EndGlobalSection
	GlobalSection(SolutionProperties) = preSolution
		HideSolutionNode = FALSE
	EndGlobalSection
EndGlobal
